PODS:
  - Alamofire (4.9.1)
  - AlamofireImage (3.6.0):
    - Alamofire (~> 4.9)
  - AlamofireObjectMapper (5.2.1):
    - Alamofire (~> 4.7)
    - ObjectMapper (~> 3.4)
  - AnyFormatKit (2.0.6)
  - BaiduTraceKit (3.1.3)
  - CocoaLumberjack/Core (3.6.2)
  - CocoaLumberjack/Swift (3.6.2):
    - CocoaLumberjack/Core
  - CryptoSwift (1.3.1)
  - CTAssetsPickerController (3.3.1):
    - PureLayout (~> 3.0.0)
  - Differentiator (4.0.1)
  - fishhook (0.2)
  - FSCalendar (2.8.1)
  - HandyJSON (5.0.2)
  - IQKeyboardManager (6.5.6)
  - JJException (0.2.9):
    - JJException/All (= 0.2.9)
  - JJException/All (0.2.9):
    - JJException/ARC
    - JJException/DeallocBlock
    - JJException/Main
    - JJException/MRC
    - JJException/Swizzle
  - JJException/ARC (0.2.9):
    - JJException/DeallocBlock
    - JJException/Main
    - JJException/Swizzle
  - JJException/DeallocBlock (0.2.9)
  - JJException/Main (0.2.9)
  - JJException/MRC (0.2.9):
    - JJException/Main
    - JJException/Swizzle
  - JJException/Swizzle (0.2.9)
  - JTAppleCalendar (7.1.7)
  - lottie-ios (2.5.3)
  - Masonry (1.1.0)
  - Material (3.1.8):
    - Material/Core (= 3.1.8)
  - Material/Core (3.1.8):
    - Motion (~> 3.1.1)
  - MGSwipeTableCell (1.6.11)
  - MMKV (1.1.2):
    - MMKVCore (~> 1.1.2)
  - MMKVCore (1.1.2)
  - Motion (3.1.3):
    - Motion/Core (= 3.1.3)
  - Motion/Core (3.1.3)
  - NSLogger (1.9.7):
    - NSLogger/ObjC (= 1.9.7)
  - NSLogger/ObjC (1.9.7)
  - NVActivityIndicatorView (5.0.1):
    - NVActivityIndicatorView/Base (= 5.0.1)
  - NVActivityIndicatorView/Base (5.0.1)
  - ObjectMapper (3.5.3)
  - OOMDetector (1.3):
    - fishhook (= 0.2)
  - pop (1.0.12)
  - PureLayout (3.0.2)
  - R.swift (5.2.2):
    - R.swift.Library (~> 5.2.0)
  - R.swift.Library (5.2.0)
  - ReachabilitySwift (5.0.0)
  - ReactiveCocoa (11.1.0):
    - ReactiveSwift (~> 6.2)
  - ReactiveObjC (3.1.1)
  - ReactiveSwift (6.5.0)
  - Result (5.0.0)
  - RxAlamofire (5.1.0):
    - RxAlamofire/Core (= 5.1.0)
  - RxAlamofire/Core (5.1.0):
    - Alamofire (~> 4.8)
    - RxSwift (~> 5.0)
  - RxBlocking (5.1.1):
    - RxSwift (~> 5)
  - RxCocoa (5.1.1):
    - RxRelay (~> 5)
    - RxSwift (~> 5)
  - RxDataSources (4.0.1):
    - Differentiator (~> 4.0)
    - RxCocoa (~> 5.0)
    - RxSwift (~> 5.0)
  - RxKeyboard (1.0.0):
    - RxCocoa (~> 5.0)
    - RxSwift (~> 5.0)
  - RxOptional (3.2.0):
    - RxCocoa
    - RxSwift
  - RxRelay (5.1.1):
    - RxSwift (~> 5)
  - RxSwift (5.1.1)
  - RxSwiftExt (5.2.0):
    - RxSwiftExt/Core (= 5.2.0)
    - RxSwiftExt/RxCocoa (= 5.2.0)
  - RxSwiftExt/Core (5.2.0):
    - RxSwift (~> 5.0)
  - RxSwiftExt/RxCocoa (5.2.0):
    - RxCocoa (~> 5.0)
    - RxSwiftExt/Core
  - SDWebImage (5.9.5):
    - SDWebImage/Core (= 5.9.5)
  - SDWebImage/Core (5.9.5)
  - SnapKit (4.2.0)
  - Spring (1.0.5)
  - SQLite (0.1.23)
  - SQLite.swift (0.12.2):
    - SQLite.swift/standard (= 0.12.2)
  - SQLite.swift/standard (0.12.2)
  - SSZipArchive (2.2.2)
  - Starscream (3.1.0)
  - SwiftCharts (0.6.5)
  - SwiftDate (6.2.0)
  - SwifterSwift (5.1.0):
    - SwifterSwift/AppKit (= 5.1.0)
    - SwifterSwift/CoreGraphics (= 5.1.0)
    - SwifterSwift/CoreLocation (= 5.1.0)
    - SwifterSwift/Dispatch (= 5.1.0)
    - SwifterSwift/Foundation (= 5.1.0)
    - SwifterSwift/MapKit (= 5.1.0)
    - SwifterSwift/SceneKit (= 5.1.0)
    - SwifterSwift/SpriteKit (= 5.1.0)
    - SwifterSwift/SwiftStdlib (= 5.1.0)
    - SwifterSwift/UIKit (= 5.1.0)
  - SwifterSwift/AppKit (5.1.0)
  - SwifterSwift/CoreGraphics (5.1.0)
  - SwifterSwift/CoreLocation (5.1.0)
  - SwifterSwift/Dispatch (5.1.0)
  - SwifterSwift/Foundation (5.1.0)
  - SwifterSwift/MapKit (5.1.0)
  - SwifterSwift/SceneKit (5.1.0)
  - SwifterSwift/SpriteKit (5.1.0)
  - SwifterSwift/SwiftStdlib (5.1.0)
  - SwifterSwift/UIKit (5.1.0)
  - SwiftHEXColors (1.4.1)
  - SwiftValidator (4.0.0)
  - SwiftyJSON (5.0.0)
  - TextFieldEffects (1.6.0)
  - Toast (4.0.0)
  - Toast-Swift (5.0.1)
  - ViewAnimator (3.0.2)
  - XLPagerTabStrip (8.1.0)
  - ZHRefresh (0.1.9)

DEPENDENCIES:
  - Alamofire
  - AlamofireImage
  - AlamofireObjectMapper
  - AnyFormatKit
  - BaiduTraceKit
  - CocoaLumberjack/Swift
  - CryptoSwift
  - CTAssetsPickerController
  - FSCalendar
  - HandyJSON
  - IQKeyboardManager
  - JJException
  - JTAppleCalendar
  - lottie-ios
  - Masonry
  - Material
  - MGSwipeTableCell
  - MMKV
  - NSLogger
  - NVActivityIndicatorView
  - ObjectMapper
  - OOMDetector
  - pop
  - R.swift
  - ReachabilitySwift
  - ReactiveCocoa
  - ReactiveObjC
  - ReactiveSwift
  - Result
  - RxAlamofire
  - RxBlocking
  - RxCocoa
  - RxDataSources
  - RxKeyboard
  - RxOptional
  - RxSwift
  - RxSwiftExt
  - SDWebImage
  - SnapKit
  - Spring
  - SQLite
  - SQLite.swift
  - SSZipArchive
  - Starscream (from `https://github.com/daltoniam/Starscream`, tag `3.1.0`)
  - SwiftCharts
  - SwiftDate
  - SwifterSwift
  - SwiftHEXColors
  - SwiftValidator (from `https://github.com/jpotts18/SwiftValidator.git`, tag `4.2.0`)
  - SwiftyJSON
  - TextFieldEffects
  - Toast
  - Toast-Swift
  - ViewAnimator
  - XLPagerTabStrip
  - ZHRefresh

SPEC REPOS:
  https://github.com/CocoaPods/Specs.git:
    - Alamofire
    - AlamofireImage
    - AlamofireObjectMapper
    - AnyFormatKit
    - BaiduTraceKit
    - CocoaLumberjack
    - CryptoSwift
    - CTAssetsPickerController
    - Differentiator
    - fishhook
    - FSCalendar
    - HandyJSON
    - IQKeyboardManager
    - JJException
    - JTAppleCalendar
    - lottie-ios
    - Masonry
    - Material
    - MGSwipeTableCell
    - MMKV
    - MMKVCore
    - Motion
    - NSLogger
    - NVActivityIndicatorView
    - ObjectMapper
    - OOMDetector
    - pop
    - PureLayout
    - R.swift
    - R.swift.Library
    - ReachabilitySwift
    - ReactiveCocoa
    - ReactiveObjC
    - ReactiveSwift
    - Result
    - RxAlamofire
    - RxBlocking
    - RxCocoa
    - RxDataSources
    - RxKeyboard
    - RxOptional
    - RxRelay
    - RxSwift
    - RxSwiftExt
    - SDWebImage
    - SnapKit
    - Spring
    - SQLite
    - SQLite.swift
    - SSZipArchive
    - SwiftCharts
    - SwiftDate
    - SwifterSwift
    - SwiftHEXColors
    - SwiftyJSON
    - TextFieldEffects
    - Toast
    - Toast-Swift
    - ViewAnimator
    - XLPagerTabStrip
    - ZHRefresh

EXTERNAL SOURCES:
  Starscream:
    :git: https://github.com/daltoniam/Starscream
    :tag: 3.1.0
  SwiftValidator:
    :git: https://github.com/jpotts18/SwiftValidator.git
    :tag: 4.2.0

CHECKOUT OPTIONS:
  Starscream:
    :git: https://github.com/daltoniam/Starscream
    :tag: 3.1.0
  SwiftValidator:
    :git: https://github.com/jpotts18/SwiftValidator.git
    :tag: 4.2.0

SPEC CHECKSUMS:
  Alamofire: 85e8a02c69d6020a0d734f6054870d7ecb75cf18
  AlamofireImage: be9963c6582d68b39e89191f64c82a7d7bf40fdd
  AlamofireObjectMapper: 1989f690e982b71921b9253f53a4f33a9bc00d88
  AnyFormatKit: 3401a4e46db072447a4c7656fa5dc06b12b6678c
  BaiduTraceKit: bbea320e86e5abb7518dcc7649d6a0630235f4f8
  CocoaLumberjack: bd155f2dd06c0e0b03f876f7a3ee55693122ec94
  CryptoSwift: f12f037f6d0fcd6d48c96db0071b653de64e6c4d
  CTAssetsPickerController: b1d1d50ab87cf6b8b13531de5f4530482e7e53ed
  Differentiator: 886080237d9f87f322641dedbc5be257061b0602
  fishhook: ea19933abfe8f2f52c55fd8b6e2718467d3ebc89
  FSCalendar: 5245140456fcbcac5824c203b98bd8068bdfee1a
  HandyJSON: 9e4e236f5d2dbefad5155a77417bbea438201c03
  IQKeyboardManager: 2a6e97afdafc7becf0cb17a9a8d795e3a980717f
  JJException: da7c64ccf29d9938a4075378a7e9a29db7383c37
  JTAppleCalendar: 96da4d8388fa6dc82d6a60d41ef36a015e167e2f
  lottie-ios: a50d5c0160425cd4b01b852bb9578963e6d92d31
  Masonry: 678fab65091a9290e40e2832a55e7ab731aad201
  Material: a2a3f400a3b549d53ef89e56c58c4535b29db387
  MGSwipeTableCell: b804e4e450dee439c42250be90bd50458bf67fce
  MMKV: 319aede3b690572ad00bada5831146c63da3d009
  MMKVCore: ae976ab3f019a3e4448f884353e0557b324ff136
  Motion: cf1e060e489f6661126374d5c60dbd2ed991605c
  NSLogger: cf3013a4fba189f631f07e6c3d5b8ce2b209654b
  NVActivityIndicatorView: 738e843cb8924e9e4fc3e559d0728031624bf860
  ObjectMapper: 97111c97e054a6ee25917662106689f0b4127b37
  OOMDetector: c23f4dfc969ea9bbd68a57cf7e5a3ca2169263cd
  pop: d582054913807fd11fd50bfe6a539d91c7e1a55a
  PureLayout: 4d550abe49a94f24c2808b9b95db9131685fe4cd
  R.swift: 7c52cdc57a66840ffe6cbd8a823d732059d42a32
  R.swift.Library: 5ba4f1631300caf9a4d890186930da85d540769d
  ReachabilitySwift: 985039c6f7b23a1da463388634119492ff86c825
  ReactiveCocoa: 7bc87ad2d361b9de141278b1950edd7fe91b15b1
  ReactiveObjC: 011caa393aa0383245f2dcf9bf02e86b80b36040
  ReactiveSwift: 8d159904084e908856cde90b2e28823f3c7e485f
  Result: ed341d2f236af425b803e690e9bd8fd0a0cb7c5a
  RxAlamofire: a2d7621de4c23a0c6e7b476b504acc32838ee341
  RxBlocking: 5f700a78cad61ce253ebd37c9a39b5ccc76477b4
  RxCocoa: 32065309a38d29b5b0db858819b5bf9ef038b601
  RxDataSources: efee07fa4de48477eca0a4611e6d11e2da9c1114
  RxKeyboard: 6683c4344304a00f943c158bd8a43ce5469c82a7
  RxOptional: d2d6a68064bc16b4801332c40663967f481b0234
  RxRelay: d77f7d771495f43c556cbc43eebd1bb54d01e8e9
  RxSwift: 81470a2074fa8780320ea5fe4102807cb7118178
  RxSwiftExt: 4ca80336f43c28f11a2825cdd2fc61dd6c044697
  SDWebImage: 0b2ba0d56479bf6a45ecddbfd5558bea93150d25
  SnapKit: fe8a619752f3f27075cc9a90244d75c6c3f27e2a
  Spring: 17901566c8ecf3a1327902b940406c64512f9bb1
  SQLite: 25f557f4203527054287da5ac566b8127ce93ba9
  SQLite.swift: d2b4642190917051ce6bd1d49aab565fe794eea3
  SSZipArchive: fa16b8cc4cdeceb698e5e5d9f67e9558532fbf23
  Starscream: 5cbf3d36bf5af6906d1362bba4ce326bb011d4cc
  SwiftCharts: 2e755ea292f0b87d3e4b2c1eb5afc080a20cdc15
  SwiftDate: d117c3eb6beed72e47d3f4d1e3bc63fa1e66d7c3
  SwifterSwift: a9e8e144832638c2850b43da5feaf9598c6ad65b
  SwiftHEXColors: 1cb6e5d55c52749aa33db8f088ac55eb71ca4c7f
  SwiftValidator: 249b6b3ae3b294266c5b9de134d94f18f2d5aa47
  SwiftyJSON: 36413e04c44ee145039d332b4f4e2d3e8d6c4db7
  TextFieldEffects: 529b8aff706fb40f82c41c780c0777941a893796
  Toast: 91b396c56ee72a5790816f40d3a94dd357abc196
  Toast-Swift: 9b6a70f28b3bf0b96c40d46c0c4b9d6639846711
  ViewAnimator: 16435576cd44fca0b0d63147d5031fd3e91d295a
  XLPagerTabStrip: 22d4c58200d7c105e0e407ab6bfd01a5d85014be
  ZHRefresh: 876b409acc73dbd10ea4e7967e1f4aea2ef44a53

PODFILE CHECKSUM: 7b82414e35a14bb94a17cd4a07f494b44e6e05c0

COCOAPODS: 1.10.1
